
Microsoft Visual Studio Solution File, Format Version 12.00
# Visual Studio 15
VisualStudioVersion = 15.0.27703.2042
MinimumVisualStudioVersion = 10.0.40219.1
Project("{FAE04EC0-301F-11D3-BF4B-00C04F79EFBC}") = "OOPXiaJun.Study.AsyncAwait", "OOPXiaJun.Study.AsyncAwait\OOPXiaJun.Study.AsyncAwait.csproj", "{917BEACB-1BCF-4430-8855-2D19DDAE83DD}"
EndProject
Global
	GlobalSection(SolutionConfigurationPlatforms) = preSolution
		Debug|Any CPU = Debug|Any CPU
		Release|Any CPU = Release|Any CPU
	EndGlobalSection
	GlobalSection(ProjectConfigurationPlatforms) = postSolution
		{917BEACB-1BCF-4430-8855-2D19DDAE83DD}.Debug|Any CPU.ActiveCfg = Debug|Any CPU
		{917BEACB-1BCF-4430-8855-2D19DDAE83DD}.Debug|Any CPU.Build.0 = Debug|Any CPU
		{917BEACB-1BCF-4430-8855-2D19DDAE83DD}.Release|Any CPU.ActiveCfg = Release|Any CPU
		{917BEACB-1BCF-4430-8855-2D19DDAE83DD}.Release|Any CPU.Build.0 = Release|Any CPU
	EndGlobalSection
	GlobalSection(SolutionProperties) = preSolution
		HideSolutionNode = FALSE
	EndGlobalSection
	GlobalSection(ExtensibilityGlobals) = postSolution
		SolutionGuid = {8E4D834B-503D-42BC-8CEA-4A532DF4E21B}
	EndGlobalSection
EndGlobal
