
Microsoft Visual Studio Solution File, Format Version 12.00
# Visual Studio 15
VisualStudioVersion = 15.0.27703.2042
MinimumVisualStudioVersion = 10.0.40219.1
Project("{9A19103F-16F7-4668-BE54-9A1E7A4F7556}") = "OOPXiaJun.Study.AsyncAwait", "OOPXiaJun.Study.AsyncAwait\OOPXiaJun.Study.AsyncAwait.csproj", "{917BEACB-1BCF-4430-8855-2D19DDAE83DD}"
EndProject
Project("{2150E333-8FDC-42A3-9474-1A3956D46DE8}") = "MyActiveMQ", "MyActiveMQ", "{54B41368-6798-4C0F-AAA1-CDEDCB078696}"
EndProject
Project("{9A19103F-16F7-4668-BE54-9A1E7A4F7556}") = "OOPXiaJun.Study.MyActiveMQ.WebApplication_1", "..\OOPXiaJun.Study.MyActiveMQ\OOPXiaJun.Study.MyActiveMQ.WebApplication_1\OOPXiaJun.Study.MyActiveMQ.WebApplication_1.csproj", "{157DC1A1-0711-47E2-BEE5-5FEB79B9F823}"
EndProject
Project("{E53339B2-1760-4266-BCC7-CA923CBCF16C}") = "docker-compose", "docker-compose.dcproj", "{A4681EF5-EAD7-4FB5-8476-2737B6CD88D7}"
EndProject
Project("{9A19103F-16F7-4668-BE54-9A1E7A4F7556}") = "OOPXiaJun.Study.MyActiveMQ.Customer_1", "..\OOPXiaJun.Study.MyActiveMQ\OOPXiaJun.Study.MyActiveMQ.Customer_1\OOPXiaJun.Study.MyActiveMQ.Customer_1.csproj", "{C1B6ED73-6DD0-4CDC-BDAA-34ED3D040A57}"
EndProject
Project("{9A19103F-16F7-4668-BE54-9A1E7A4F7556}") = "OOPXiaJun.Study.Indexer", "..\OOPXiaJun.Study.Indexer\OOPXiaJun.Study.Indexer.csproj", "{A55D51EB-CDCE-4997-9B08-BC2AC1E5A66A}"
EndProject
Project("{2150E333-8FDC-42A3-9474-1A3956D46DE8}") = "Docker", "Docker", "{66C1B330-66A2-450B-9640-677CE79EF9E9}"
EndProject
Project("{FAE04EC0-301F-11D3-BF4B-00C04F79EFBC}") = "OOPXiaJun.Study.Docker_1", "..\OOPXiaJun.Study.Docker\OOPXiaJun.Study.Docker_1\OOPXiaJun.Study.Docker_1.csproj", "{63AB220F-67C2-42E3-B0F5-A94FF4A804B8}"
EndProject
Project("{FAE04EC0-301F-11D3-BF4B-00C04F79EFBC}") = "OOPXiaJun.Study.Docker_2", "OOPXiaJun.Study.Docker_2\OOPXiaJun.Study.Docker_2.csproj", "{05358B17-5D39-4F9A-9473-CDD0B5F36EE4}"
EndProject
Global
	GlobalSection(SolutionConfigurationPlatforms) = preSolution
		Debug|Any CPU = Debug|Any CPU
		Release|Any CPU = Release|Any CPU
	EndGlobalSection
	GlobalSection(ProjectConfigurationPlatforms) = postSolution
		{917BEACB-1BCF-4430-8855-2D19DDAE83DD}.Debug|Any CPU.ActiveCfg = Debug|Any CPU
		{917BEACB-1BCF-4430-8855-2D19DDAE83DD}.Debug|Any CPU.Build.0 = Debug|Any CPU
		{917BEACB-1BCF-4430-8855-2D19DDAE83DD}.Release|Any CPU.ActiveCfg = Release|Any CPU
		{917BEACB-1BCF-4430-8855-2D19DDAE83DD}.Release|Any CPU.Build.0 = Release|Any CPU
		{157DC1A1-0711-47E2-BEE5-5FEB79B9F823}.Debug|Any CPU.ActiveCfg = Debug|Any CPU
		{157DC1A1-0711-47E2-BEE5-5FEB79B9F823}.Debug|Any CPU.Build.0 = Debug|Any CPU
		{157DC1A1-0711-47E2-BEE5-5FEB79B9F823}.Release|Any CPU.ActiveCfg = Release|Any CPU
		{157DC1A1-0711-47E2-BEE5-5FEB79B9F823}.Release|Any CPU.Build.0 = Release|Any CPU
		{A4681EF5-EAD7-4FB5-8476-2737B6CD88D7}.Debug|Any CPU.ActiveCfg = Debug|Any CPU
		{A4681EF5-EAD7-4FB5-8476-2737B6CD88D7}.Debug|Any CPU.Build.0 = Debug|Any CPU
		{A4681EF5-EAD7-4FB5-8476-2737B6CD88D7}.Release|Any CPU.ActiveCfg = Release|Any CPU
		{A4681EF5-EAD7-4FB5-8476-2737B6CD88D7}.Release|Any CPU.Build.0 = Release|Any CPU
		{C1B6ED73-6DD0-4CDC-BDAA-34ED3D040A57}.Debug|Any CPU.ActiveCfg = Debug|Any CPU
		{C1B6ED73-6DD0-4CDC-BDAA-34ED3D040A57}.Debug|Any CPU.Build.0 = Debug|Any CPU
		{C1B6ED73-6DD0-4CDC-BDAA-34ED3D040A57}.Release|Any CPU.ActiveCfg = Release|Any CPU
		{C1B6ED73-6DD0-4CDC-BDAA-34ED3D040A57}.Release|Any CPU.Build.0 = Release|Any CPU
		{A55D51EB-CDCE-4997-9B08-BC2AC1E5A66A}.Debug|Any CPU.ActiveCfg = Debug|Any CPU
		{A55D51EB-CDCE-4997-9B08-BC2AC1E5A66A}.Debug|Any CPU.Build.0 = Debug|Any CPU
		{A55D51EB-CDCE-4997-9B08-BC2AC1E5A66A}.Release|Any CPU.ActiveCfg = Release|Any CPU
		{A55D51EB-CDCE-4997-9B08-BC2AC1E5A66A}.Release|Any CPU.Build.0 = Release|Any CPU
		{63AB220F-67C2-42E3-B0F5-A94FF4A804B8}.Debug|Any CPU.ActiveCfg = Debug|Any CPU
		{63AB220F-67C2-42E3-B0F5-A94FF4A804B8}.Debug|Any CPU.Build.0 = Debug|Any CPU
		{63AB220F-67C2-42E3-B0F5-A94FF4A804B8}.Release|Any CPU.ActiveCfg = Release|Any CPU
		{63AB220F-67C2-42E3-B0F5-A94FF4A804B8}.Release|Any CPU.Build.0 = Release|Any CPU
		{05358B17-5D39-4F9A-9473-CDD0B5F36EE4}.Debug|Any CPU.ActiveCfg = Debug|Any CPU
		{05358B17-5D39-4F9A-9473-CDD0B5F36EE4}.Debug|Any CPU.Build.0 = Debug|Any CPU
		{05358B17-5D39-4F9A-9473-CDD0B5F36EE4}.Release|Any CPU.ActiveCfg = Release|Any CPU
		{05358B17-5D39-4F9A-9473-CDD0B5F36EE4}.Release|Any CPU.Build.0 = Release|Any CPU
	EndGlobalSection
	GlobalSection(SolutionProperties) = preSolution
		HideSolutionNode = FALSE
	EndGlobalSection
	GlobalSection(NestedProjects) = preSolution
		{157DC1A1-0711-47E2-BEE5-5FEB79B9F823} = {54B41368-6798-4C0F-AAA1-CDEDCB078696}
		{C1B6ED73-6DD0-4CDC-BDAA-34ED3D040A57} = {54B41368-6798-4C0F-AAA1-CDEDCB078696}
		{63AB220F-67C2-42E3-B0F5-A94FF4A804B8} = {66C1B330-66A2-450B-9640-677CE79EF9E9}
		{05358B17-5D39-4F9A-9473-CDD0B5F36EE4} = {66C1B330-66A2-450B-9640-677CE79EF9E9}
	EndGlobalSection
	GlobalSection(ExtensibilityGlobals) = postSolution
		SolutionGuid = {8E4D834B-503D-42BC-8CEA-4A532DF4E21B}
	EndGlobalSection
EndGlobal
