
Microsoft Visual Studio Solution File, Format Version 12.00
# Visual Studio Version 16
VisualStudioVersion = 16.0.29025.244
MinimumVisualStudioVersion = 10.0.40219.1
Project("{9A19103F-16F7-4668-BE54-9A1E7A4F7556}") = "OOPXiaJun.Study.AsyncAwait", "OOPXiaJun.Study.AsyncAwait\OOPXiaJun.Study.AsyncAwait.csproj", "{917BEACB-1BCF-4430-8855-2D19DDAE83DD}"
EndProject
Project("{2150E333-8FDC-42A3-9474-1A3956D46DE8}") = "MyActiveMQ", "MyActiveMQ", "{54B41368-6798-4C0F-AAA1-CDEDCB078696}"
EndProject
Project("{E53339B2-1760-4266-BCC7-CA923CBCF16C}") = "docker-compose", "docker-compose.dcproj", "{A4681EF5-EAD7-4FB5-8476-2737B6CD88D7}"
EndProject
Project("{2150E333-8FDC-42A3-9474-1A3956D46DE8}") = "Docker", "Docker", "{66C1B330-66A2-450B-9640-677CE79EF9E9}"
EndProject
Project("{2150E333-8FDC-42A3-9474-1A3956D46DE8}") = "Doc", "Doc", "{B563D51F-128D-4D9A-A8C7-FBE4245C8793}"
EndProject
Project("{2150E333-8FDC-42A3-9474-1A3956D46DE8}") = "docker 学习", "docker 学习", "{1FF2678B-39B0-4484-8FB7-2EAA1FE1FE34}"
	ProjectSection(SolutionItems) = preProject
		D:\docker-conf\docker 学习\命令.txt = D:\docker-conf\docker 学习\命令.txt
		D:\docker-conf\docker 学习\第一个 docker 应用架构（本地）.txt = D:\docker-conf\docker 学习\第一个 docker 应用架构（本地）.txt
	EndProjectSection
EndProject
Project("{9A19103F-16F7-4668-BE54-9A1E7A4F7556}") = "OOPXiaJun.Study.MyActiveMQ.Customer_1", "OOPXiaJun.Study.MyActiveMQ\OOPXiaJun.Study.MyActiveMQ.Customer_1\OOPXiaJun.Study.MyActiveMQ.Customer_1.csproj", "{DAFB5F3C-9AD8-4148-A82B-40B97C18DB26}"
EndProject
Project("{9A19103F-16F7-4668-BE54-9A1E7A4F7556}") = "OOPXiaJun.Study.MyActiveMQ.WebApplication_1", "OOPXiaJun.Study.MyActiveMQ\OOPXiaJun.Study.MyActiveMQ.WebApplication_1\OOPXiaJun.Study.MyActiveMQ.WebApplication_1.csproj", "{30FBBF69-32D4-4C3F-97D1-7BD132C84C32}"
EndProject
Project("{9A19103F-16F7-4668-BE54-9A1E7A4F7556}") = "OOPXiaJun.Study.Indexer", "OOPXiaJun.Study.Indexer\OOPXiaJun.Study.Indexer.csproj", "{054094EA-74D3-4CAC-B406-9CC421B48D1E}"
EndProject
Project("{9A19103F-16F7-4668-BE54-9A1E7A4F7556}") = "OOPXiaJun.Study.Docker_1", "OOPXiaJun.Study.Docker\OOPXiaJun.Study.Docker_1\OOPXiaJun.Study.Docker_1.csproj", "{9AD7E205-7FE8-454B-8450-6B47025B0951}"
EndProject
Project("{9A19103F-16F7-4668-BE54-9A1E7A4F7556}") = "OOPXiaJun.Study.Docker_2", "OOPXiaJun.Study.Docker\OOPXiaJun.Study.Docker_2\OOPXiaJun.Study.Docker_2.csproj", "{D226145E-8AEC-4F29-8AC7-F9F55575086D}"
EndProject
Project("{2150E333-8FDC-42A3-9474-1A3956D46DE8}") = "MyRazor", "MyRazor", "{E2E7E07A-439F-47C5-8E77-ACFBD7370E31}"
EndProject
Project("{9A19103F-16F7-4668-BE54-9A1E7A4F7556}") = "OOPXiaJun.Study.MyRazorWeb", "OOPXiaJun.Study.MyRazorWeb\OOPXiaJun.Study.MyRazorWeb.csproj", "{F55768F3-183D-4984-B44B-73C85E02CB28}"
EndProject
Project("{9A19103F-16F7-4668-BE54-9A1E7A4F7556}") = "OOPXiaJun.Study.MyMongoDB", "OOPXiaJun.Study.MyMongoDB\OOPXiaJun.Study.MyMongoDB.csproj", "{D09988D8-4BE2-4EEB-9F5E-E761C3F5A1DA}"
EndProject
Project("{2150E333-8FDC-42A3-9474-1A3956D46DE8}") = "单一职责（业务-数据库）", "单一职责（业务-数据库）", "{18393ADC-A1DC-488D-9DA9-168BDB976C99}"
EndProject
Project("{9A19103F-16F7-4668-BE54-9A1E7A4F7556}") = "OOP.SingleWeb.Web", "OOP.SingleWeb\OOP.SingleWeb\OOP.SingleWeb.Web.csproj", "{9808A6DF-7734-4F66-876D-A58335A4DBD0}"
EndProject
Project("{9A19103F-16F7-4668-BE54-9A1E7A4F7556}") = "OOP.SingleWeb.Business", "OOP.SingleWeb\OOP.SingleWeb.Business\OOP.SingleWeb.Business.csproj", "{A17B778A-E9E1-4545-8A75-620F5D6C0C59}"
EndProject
Project("{9A19103F-16F7-4668-BE54-9A1E7A4F7556}") = "OOP.SingleWeb.Domain", "OOP.SingleWeb\OOP.SingleWeb.Domain\OOP.SingleWeb.Domain.csproj", "{DEA3D512-547E-4716-8EF9-AE6158DF3DCB}"
EndProject
Project("{9A19103F-16F7-4668-BE54-9A1E7A4F7556}") = "OOP.SingleWeb.MyConsole", "OOP.SingleWeb\OOP.SingleWeb.MyConsole\OOP.SingleWeb.MyConsole.csproj", "{0337A5B7-16E5-4566-A982-345C010E71D0}"
EndProject
Project("{9A19103F-16F7-4668-BE54-9A1E7A4F7556}") = "OOP.SingleWeb.MyTest", "OOP.SingleWeb\OOP.SingleWeb.MyTest\OOP.SingleWeb.MyTest.csproj", "{A49D8B90-F71F-44CB-BEC9-DDD9FEA4416E}"
EndProject
Project("{9A19103F-16F7-4668-BE54-9A1E7A4F7556}") = "OOPXiaJun.LoggerHelper", "OOPXiaJun.LoggerHelper\OOPXiaJun.LoggerHelper\OOPXiaJun.LoggerHelper.csproj", "{74175D7F-E704-4A5C-9C59-F32701D95839}"
EndProject
Project("{9A19103F-16F7-4668-BE54-9A1E7A4F7556}") = "OOPXiaJun.Study.Admin", "OOPXiaJun.Study.Admin\OOPXiaJun.Study.Admin.csproj", "{68CA269E-9C2D-425C-A17E-00D6A15BE40E}"
EndProject
Project("{9A19103F-16F7-4668-BE54-9A1E7A4F7556}") = "OOPXiaJun.Study.Admin_Test1", "OOPXiaJun.Study.Admin_Test1\OOPXiaJun.Study.Admin_Test1.csproj", "{6178475D-79BC-4539-86A6-BB4926B5F1AD}"
EndProject
Project("{2150E333-8FDC-42A3-9474-1A3956D46DE8}") = "测试", "测试", "{EDD672A3-72A9-49E8-8F83-C3A0B1465C16}"
EndProject
Project("{9A19103F-16F7-4668-BE54-9A1E7A4F7556}") = "unit-testing-using-dotnet-test", "..\unit-testing-using-dotnet-test\unit-testing-using-dotnet-test.csproj", "{A487F2E7-B78E-4907-87E1-8FF9076F6512}"
EndProject
Project("{2150E333-8FDC-42A3-9474-1A3956D46DE8}") = "网页信息抓取", "网页信息抓取", "{9783BA5A-5FAE-4D91-9F4B-1C46185FCDF2}"
EndProject
Project("{9A19103F-16F7-4668-BE54-9A1E7A4F7556}") = "AKaSuoCourseware", "AKaSuoCourseware\AKaSuoCourseware.csproj", "{1B950134-D7E2-4F0A-A1DB-48484CCE843B}"
EndProject
Project("{2150E333-8FDC-42A3-9474-1A3956D46DE8}") = "SqlSugar", "SqlSugar", "{D16029F5-71AA-4EB8-A778-264890B8A439}"
EndProject
Project("{9A19103F-16F7-4668-BE54-9A1E7A4F7556}") = "SqlSugarDemo.Service", "SqlSugarDemo\SqlSugarDemo.Service\SqlSugarDemo.Service.csproj", "{9681717C-4571-4806-9453-0404F42EFDB4}"
EndProject
Project("{9A19103F-16F7-4668-BE54-9A1E7A4F7556}") = "SqlSugarDemo.ORM", "SqlSugarDemo\SqlSugarDemo.ORM\SqlSugarDemo.ORM.csproj", "{A393A227-DCF2-4F2B-8C7E-0F2A02999ACB}"
EndProject
Project("{9A19103F-16F7-4668-BE54-9A1E7A4F7556}") = "SqlSugarDemo.API", "SqlSugarDemo\SqlSugarDemo.API\SqlSugarDemo.API.csproj", "{B06113FD-9B21-4B04-A605-0FEA33AD5676}"
EndProject
Project("{2150E333-8FDC-42A3-9474-1A3956D46DE8}") = "gRPC", "gRPC", "{8CACC9C4-B17E-4800-BA94-6C8C1E78AADC}"
EndProject
Project("{2150E333-8FDC-42A3-9474-1A3956D46DE8}") = "Example_2", "Example_2", "{F6BD0D27-5D90-4612-ADAA-0DD796D8B12A}"
EndProject
Project("{9A19103F-16F7-4668-BE54-9A1E7A4F7556}") = "GRPC_Greeter", "gRPC\GRPC_Greeter\GRPC_Greeter.csproj", "{8125A8AD-F0A1-4E9D-A147-86BA9AA799BB}"
EndProject
Project("{9A19103F-16F7-4668-BE54-9A1E7A4F7556}") = "GrpcGreeter", "gRPC\GrpcGreeter\GrpcGreeter.csproj", "{1A476772-E39A-4082-814B-38D349DECEED}"
EndProject
Project("{2150E333-8FDC-42A3-9474-1A3956D46DE8}") = "Example_3", "Example_3", "{7D6D03FA-ED66-4B82-B178-8454B591E2E7}"
EndProject
Project("{2150E333-8FDC-42A3-9474-1A3956D46DE8}") = "Protos", "Protos", "{C9A1B1C4-1232-41A2-A942-D461205304D6}"
	ProjectSection(SolutionItems) = preProject
		gRPC\Example_3\Protos\greet.proto = gRPC\Example_3\Protos\greet.proto
		gRPC\Example_3\Protos\product.proto = gRPC\Example_3\Protos\product.proto
	EndProjectSection
EndProject
Project("{9A19103F-16F7-4668-BE54-9A1E7A4F7556}") = "OOP.XiaJun.GrpcServer", "gRPC\Example_3\OOP.XiaJun.GrpcServer\OOP.XiaJun.GrpcServer.csproj", "{37CB7FAE-34E1-4F8D-A4DD-621F40074704}"
EndProject
Project("{9A19103F-16F7-4668-BE54-9A1E7A4F7556}") = "OOP.XiaJun.GrpcClient", "gRPC\Example_3\OOP.XiaJun.GrpcClient\OOP.XiaJun.GrpcClient.csproj", "{1E524477-0FF1-49E4-8E15-80B5445B3788}"
EndProject
Project("{2150E333-8FDC-42A3-9474-1A3956D46DE8}") = "Swagger", "Swagger", "{89397300-1E19-4889-8825-3A4AF3CE5730}"
EndProject
Project("{9A19103F-16F7-4668-BE54-9A1E7A4F7556}") = "MySwagger", "Swagger\MySwagger\MySwagger.csproj", "{C326E697-5A2B-4730-9F09-5879DF1FCC99}"
EndProject
Project("{9A19103F-16F7-4668-BE54-9A1E7A4F7556}") = "MyNSwag", "Swagger\MyNSwag\MyNSwag.csproj", "{F0283E2C-3BC3-4BC9-BD6E-157D15E83328}"
EndProject
Project("{2150E333-8FDC-42A3-9474-1A3956D46DE8}") = "CSharp8", "CSharp8", "{B8999A31-9D9D-4159-8D48-1C7399F332EC}"
EndProject
Project("{9A19103F-16F7-4668-BE54-9A1E7A4F7556}") = "CSharp_8", "..\CSharp_8\CSharp_8.csproj", "{E92C0775-A44A-4CF3-A603-E438F81F13AE}"
EndProject
Project("{2150E333-8FDC-42A3-9474-1A3956D46DE8}") = "MyDapper", "MyDapper", "{4A9BFF73-5EC9-4BFB-B27D-BFE17D4139E0}"
EndProject
Project("{9A19103F-16F7-4668-BE54-9A1E7A4F7556}") = "MyDapperTest", "MyDapper\MyDapperTest\MyDapperTest.csproj", "{2A54F932-4651-4815-81D7-C87BA128C77D}"
EndProject
Project("{FAE04EC0-301F-11D3-BF4B-00C04F79EFBC}") = "AKS_Subscribe", "AKS_Subscribe\AKS_Subscribe.csproj", "{9A6585C7-EA8C-4C16-94A6-B79BB10B08C6}"
EndProject
Project("{FAE04EC0-301F-11D3-BF4B-00C04F79EFBC}") = "AKS_CourseBooking", "AKS_CourseBooking\AKS_CourseBooking.csproj", "{60C85612-E1ED-4EC6-B4DA-A22146B94572}"
EndProject
Global
	GlobalSection(SolutionConfigurationPlatforms) = preSolution
		Debug|Any CPU = Debug|Any CPU
		Release|Any CPU = Release|Any CPU
	EndGlobalSection
	GlobalSection(ProjectConfigurationPlatforms) = postSolution
		{917BEACB-1BCF-4430-8855-2D19DDAE83DD}.Debug|Any CPU.ActiveCfg = Debug|Any CPU
		{917BEACB-1BCF-4430-8855-2D19DDAE83DD}.Debug|Any CPU.Build.0 = Debug|Any CPU
		{917BEACB-1BCF-4430-8855-2D19DDAE83DD}.Release|Any CPU.ActiveCfg = Release|Any CPU
		{917BEACB-1BCF-4430-8855-2D19DDAE83DD}.Release|Any CPU.Build.0 = Release|Any CPU
		{A4681EF5-EAD7-4FB5-8476-2737B6CD88D7}.Debug|Any CPU.ActiveCfg = Debug|Any CPU
		{A4681EF5-EAD7-4FB5-8476-2737B6CD88D7}.Debug|Any CPU.Build.0 = Debug|Any CPU
		{A4681EF5-EAD7-4FB5-8476-2737B6CD88D7}.Release|Any CPU.ActiveCfg = Release|Any CPU
		{A4681EF5-EAD7-4FB5-8476-2737B6CD88D7}.Release|Any CPU.Build.0 = Release|Any CPU
		{DAFB5F3C-9AD8-4148-A82B-40B97C18DB26}.Debug|Any CPU.ActiveCfg = Debug|Any CPU
		{DAFB5F3C-9AD8-4148-A82B-40B97C18DB26}.Debug|Any CPU.Build.0 = Debug|Any CPU
		{DAFB5F3C-9AD8-4148-A82B-40B97C18DB26}.Release|Any CPU.ActiveCfg = Release|Any CPU
		{DAFB5F3C-9AD8-4148-A82B-40B97C18DB26}.Release|Any CPU.Build.0 = Release|Any CPU
		{30FBBF69-32D4-4C3F-97D1-7BD132C84C32}.Debug|Any CPU.ActiveCfg = Debug|Any CPU
		{30FBBF69-32D4-4C3F-97D1-7BD132C84C32}.Debug|Any CPU.Build.0 = Debug|Any CPU
		{30FBBF69-32D4-4C3F-97D1-7BD132C84C32}.Release|Any CPU.ActiveCfg = Release|Any CPU
		{30FBBF69-32D4-4C3F-97D1-7BD132C84C32}.Release|Any CPU.Build.0 = Release|Any CPU
		{054094EA-74D3-4CAC-B406-9CC421B48D1E}.Debug|Any CPU.ActiveCfg = Debug|Any CPU
		{054094EA-74D3-4CAC-B406-9CC421B48D1E}.Debug|Any CPU.Build.0 = Debug|Any CPU
		{054094EA-74D3-4CAC-B406-9CC421B48D1E}.Release|Any CPU.ActiveCfg = Release|Any CPU
		{054094EA-74D3-4CAC-B406-9CC421B48D1E}.Release|Any CPU.Build.0 = Release|Any CPU
		{9AD7E205-7FE8-454B-8450-6B47025B0951}.Debug|Any CPU.ActiveCfg = Debug|Any CPU
		{9AD7E205-7FE8-454B-8450-6B47025B0951}.Debug|Any CPU.Build.0 = Debug|Any CPU
		{9AD7E205-7FE8-454B-8450-6B47025B0951}.Release|Any CPU.ActiveCfg = Release|Any CPU
		{9AD7E205-7FE8-454B-8450-6B47025B0951}.Release|Any CPU.Build.0 = Release|Any CPU
		{D226145E-8AEC-4F29-8AC7-F9F55575086D}.Debug|Any CPU.ActiveCfg = Debug|Any CPU
		{D226145E-8AEC-4F29-8AC7-F9F55575086D}.Debug|Any CPU.Build.0 = Debug|Any CPU
		{D226145E-8AEC-4F29-8AC7-F9F55575086D}.Release|Any CPU.ActiveCfg = Release|Any CPU
		{D226145E-8AEC-4F29-8AC7-F9F55575086D}.Release|Any CPU.Build.0 = Release|Any CPU
		{F55768F3-183D-4984-B44B-73C85E02CB28}.Debug|Any CPU.ActiveCfg = Debug|Any CPU
		{F55768F3-183D-4984-B44B-73C85E02CB28}.Debug|Any CPU.Build.0 = Debug|Any CPU
		{F55768F3-183D-4984-B44B-73C85E02CB28}.Release|Any CPU.ActiveCfg = Release|Any CPU
		{F55768F3-183D-4984-B44B-73C85E02CB28}.Release|Any CPU.Build.0 = Release|Any CPU
		{D09988D8-4BE2-4EEB-9F5E-E761C3F5A1DA}.Debug|Any CPU.ActiveCfg = Debug|Any CPU
		{D09988D8-4BE2-4EEB-9F5E-E761C3F5A1DA}.Debug|Any CPU.Build.0 = Debug|Any CPU
		{D09988D8-4BE2-4EEB-9F5E-E761C3F5A1DA}.Release|Any CPU.ActiveCfg = Release|Any CPU
		{D09988D8-4BE2-4EEB-9F5E-E761C3F5A1DA}.Release|Any CPU.Build.0 = Release|Any CPU
		{9808A6DF-7734-4F66-876D-A58335A4DBD0}.Debug|Any CPU.ActiveCfg = Debug|Any CPU
		{9808A6DF-7734-4F66-876D-A58335A4DBD0}.Debug|Any CPU.Build.0 = Debug|Any CPU
		{9808A6DF-7734-4F66-876D-A58335A4DBD0}.Release|Any CPU.ActiveCfg = Release|Any CPU
		{9808A6DF-7734-4F66-876D-A58335A4DBD0}.Release|Any CPU.Build.0 = Release|Any CPU
		{A17B778A-E9E1-4545-8A75-620F5D6C0C59}.Debug|Any CPU.ActiveCfg = Debug|Any CPU
		{A17B778A-E9E1-4545-8A75-620F5D6C0C59}.Debug|Any CPU.Build.0 = Debug|Any CPU
		{A17B778A-E9E1-4545-8A75-620F5D6C0C59}.Release|Any CPU.ActiveCfg = Release|Any CPU
		{A17B778A-E9E1-4545-8A75-620F5D6C0C59}.Release|Any CPU.Build.0 = Release|Any CPU
		{DEA3D512-547E-4716-8EF9-AE6158DF3DCB}.Debug|Any CPU.ActiveCfg = Debug|Any CPU
		{DEA3D512-547E-4716-8EF9-AE6158DF3DCB}.Debug|Any CPU.Build.0 = Debug|Any CPU
		{DEA3D512-547E-4716-8EF9-AE6158DF3DCB}.Release|Any CPU.ActiveCfg = Release|Any CPU
		{DEA3D512-547E-4716-8EF9-AE6158DF3DCB}.Release|Any CPU.Build.0 = Release|Any CPU
		{0337A5B7-16E5-4566-A982-345C010E71D0}.Debug|Any CPU.ActiveCfg = Debug|Any CPU
		{0337A5B7-16E5-4566-A982-345C010E71D0}.Debug|Any CPU.Build.0 = Debug|Any CPU
		{0337A5B7-16E5-4566-A982-345C010E71D0}.Release|Any CPU.ActiveCfg = Release|Any CPU
		{0337A5B7-16E5-4566-A982-345C010E71D0}.Release|Any CPU.Build.0 = Release|Any CPU
		{A49D8B90-F71F-44CB-BEC9-DDD9FEA4416E}.Debug|Any CPU.ActiveCfg = Debug|Any CPU
		{A49D8B90-F71F-44CB-BEC9-DDD9FEA4416E}.Debug|Any CPU.Build.0 = Debug|Any CPU
		{A49D8B90-F71F-44CB-BEC9-DDD9FEA4416E}.Release|Any CPU.ActiveCfg = Release|Any CPU
		{A49D8B90-F71F-44CB-BEC9-DDD9FEA4416E}.Release|Any CPU.Build.0 = Release|Any CPU
		{74175D7F-E704-4A5C-9C59-F32701D95839}.Debug|Any CPU.ActiveCfg = Debug|Any CPU
		{74175D7F-E704-4A5C-9C59-F32701D95839}.Debug|Any CPU.Build.0 = Debug|Any CPU
		{74175D7F-E704-4A5C-9C59-F32701D95839}.Release|Any CPU.ActiveCfg = Release|Any CPU
		{74175D7F-E704-4A5C-9C59-F32701D95839}.Release|Any CPU.Build.0 = Release|Any CPU
		{68CA269E-9C2D-425C-A17E-00D6A15BE40E}.Debug|Any CPU.ActiveCfg = Debug|Any CPU
		{68CA269E-9C2D-425C-A17E-00D6A15BE40E}.Debug|Any CPU.Build.0 = Debug|Any CPU
		{68CA269E-9C2D-425C-A17E-00D6A15BE40E}.Release|Any CPU.ActiveCfg = Release|Any CPU
		{68CA269E-9C2D-425C-A17E-00D6A15BE40E}.Release|Any CPU.Build.0 = Release|Any CPU
		{6178475D-79BC-4539-86A6-BB4926B5F1AD}.Debug|Any CPU.ActiveCfg = Debug|Any CPU
		{6178475D-79BC-4539-86A6-BB4926B5F1AD}.Debug|Any CPU.Build.0 = Debug|Any CPU
		{6178475D-79BC-4539-86A6-BB4926B5F1AD}.Release|Any CPU.ActiveCfg = Release|Any CPU
		{6178475D-79BC-4539-86A6-BB4926B5F1AD}.Release|Any CPU.Build.0 = Release|Any CPU
		{A487F2E7-B78E-4907-87E1-8FF9076F6512}.Debug|Any CPU.ActiveCfg = Debug|Any CPU
		{A487F2E7-B78E-4907-87E1-8FF9076F6512}.Debug|Any CPU.Build.0 = Debug|Any CPU
		{A487F2E7-B78E-4907-87E1-8FF9076F6512}.Release|Any CPU.ActiveCfg = Release|Any CPU
		{A487F2E7-B78E-4907-87E1-8FF9076F6512}.Release|Any CPU.Build.0 = Release|Any CPU
		{1B950134-D7E2-4F0A-A1DB-48484CCE843B}.Debug|Any CPU.ActiveCfg = Debug|Any CPU
		{1B950134-D7E2-4F0A-A1DB-48484CCE843B}.Debug|Any CPU.Build.0 = Debug|Any CPU
		{1B950134-D7E2-4F0A-A1DB-48484CCE843B}.Release|Any CPU.ActiveCfg = Release|Any CPU
		{1B950134-D7E2-4F0A-A1DB-48484CCE843B}.Release|Any CPU.Build.0 = Release|Any CPU
		{9681717C-4571-4806-9453-0404F42EFDB4}.Debug|Any CPU.ActiveCfg = Debug|Any CPU
		{9681717C-4571-4806-9453-0404F42EFDB4}.Debug|Any CPU.Build.0 = Debug|Any CPU
		{9681717C-4571-4806-9453-0404F42EFDB4}.Release|Any CPU.ActiveCfg = Release|Any CPU
		{9681717C-4571-4806-9453-0404F42EFDB4}.Release|Any CPU.Build.0 = Release|Any CPU
		{A393A227-DCF2-4F2B-8C7E-0F2A02999ACB}.Debug|Any CPU.ActiveCfg = Debug|Any CPU
		{A393A227-DCF2-4F2B-8C7E-0F2A02999ACB}.Debug|Any CPU.Build.0 = Debug|Any CPU
		{A393A227-DCF2-4F2B-8C7E-0F2A02999ACB}.Release|Any CPU.ActiveCfg = Release|Any CPU
		{A393A227-DCF2-4F2B-8C7E-0F2A02999ACB}.Release|Any CPU.Build.0 = Release|Any CPU
		{B06113FD-9B21-4B04-A605-0FEA33AD5676}.Debug|Any CPU.ActiveCfg = Debug|Any CPU
		{B06113FD-9B21-4B04-A605-0FEA33AD5676}.Debug|Any CPU.Build.0 = Debug|Any CPU
		{B06113FD-9B21-4B04-A605-0FEA33AD5676}.Release|Any CPU.ActiveCfg = Release|Any CPU
		{B06113FD-9B21-4B04-A605-0FEA33AD5676}.Release|Any CPU.Build.0 = Release|Any CPU
		{8125A8AD-F0A1-4E9D-A147-86BA9AA799BB}.Debug|Any CPU.ActiveCfg = Debug|Any CPU
		{8125A8AD-F0A1-4E9D-A147-86BA9AA799BB}.Debug|Any CPU.Build.0 = Debug|Any CPU
		{8125A8AD-F0A1-4E9D-A147-86BA9AA799BB}.Release|Any CPU.ActiveCfg = Release|Any CPU
		{8125A8AD-F0A1-4E9D-A147-86BA9AA799BB}.Release|Any CPU.Build.0 = Release|Any CPU
		{1A476772-E39A-4082-814B-38D349DECEED}.Debug|Any CPU.ActiveCfg = Debug|Any CPU
		{1A476772-E39A-4082-814B-38D349DECEED}.Debug|Any CPU.Build.0 = Debug|Any CPU
		{1A476772-E39A-4082-814B-38D349DECEED}.Release|Any CPU.ActiveCfg = Release|Any CPU
		{1A476772-E39A-4082-814B-38D349DECEED}.Release|Any CPU.Build.0 = Release|Any CPU
		{37CB7FAE-34E1-4F8D-A4DD-621F40074704}.Debug|Any CPU.ActiveCfg = Debug|Any CPU
		{37CB7FAE-34E1-4F8D-A4DD-621F40074704}.Debug|Any CPU.Build.0 = Debug|Any CPU
		{37CB7FAE-34E1-4F8D-A4DD-621F40074704}.Release|Any CPU.ActiveCfg = Release|Any CPU
		{37CB7FAE-34E1-4F8D-A4DD-621F40074704}.Release|Any CPU.Build.0 = Release|Any CPU
		{1E524477-0FF1-49E4-8E15-80B5445B3788}.Debug|Any CPU.ActiveCfg = Debug|Any CPU
		{1E524477-0FF1-49E4-8E15-80B5445B3788}.Debug|Any CPU.Build.0 = Debug|Any CPU
		{1E524477-0FF1-49E4-8E15-80B5445B3788}.Release|Any CPU.ActiveCfg = Release|Any CPU
		{1E524477-0FF1-49E4-8E15-80B5445B3788}.Release|Any CPU.Build.0 = Release|Any CPU
		{C326E697-5A2B-4730-9F09-5879DF1FCC99}.Debug|Any CPU.ActiveCfg = Debug|Any CPU
		{C326E697-5A2B-4730-9F09-5879DF1FCC99}.Debug|Any CPU.Build.0 = Debug|Any CPU
		{C326E697-5A2B-4730-9F09-5879DF1FCC99}.Release|Any CPU.ActiveCfg = Release|Any CPU
		{C326E697-5A2B-4730-9F09-5879DF1FCC99}.Release|Any CPU.Build.0 = Release|Any CPU
		{F0283E2C-3BC3-4BC9-BD6E-157D15E83328}.Debug|Any CPU.ActiveCfg = Debug|Any CPU
		{F0283E2C-3BC3-4BC9-BD6E-157D15E83328}.Debug|Any CPU.Build.0 = Debug|Any CPU
		{F0283E2C-3BC3-4BC9-BD6E-157D15E83328}.Release|Any CPU.ActiveCfg = Release|Any CPU
		{F0283E2C-3BC3-4BC9-BD6E-157D15E83328}.Release|Any CPU.Build.0 = Release|Any CPU
		{E92C0775-A44A-4CF3-A603-E438F81F13AE}.Debug|Any CPU.ActiveCfg = Debug|Any CPU
		{E92C0775-A44A-4CF3-A603-E438F81F13AE}.Debug|Any CPU.Build.0 = Debug|Any CPU
		{E92C0775-A44A-4CF3-A603-E438F81F13AE}.Release|Any CPU.ActiveCfg = Release|Any CPU
		{E92C0775-A44A-4CF3-A603-E438F81F13AE}.Release|Any CPU.Build.0 = Release|Any CPU
		{2A54F932-4651-4815-81D7-C87BA128C77D}.Debug|Any CPU.ActiveCfg = Debug|Any CPU
		{2A54F932-4651-4815-81D7-C87BA128C77D}.Debug|Any CPU.Build.0 = Debug|Any CPU
		{2A54F932-4651-4815-81D7-C87BA128C77D}.Release|Any CPU.ActiveCfg = Release|Any CPU
		{2A54F932-4651-4815-81D7-C87BA128C77D}.Release|Any CPU.Build.0 = Release|Any CPU
		{9A6585C7-EA8C-4C16-94A6-B79BB10B08C6}.Debug|Any CPU.ActiveCfg = Debug|Any CPU
		{9A6585C7-EA8C-4C16-94A6-B79BB10B08C6}.Debug|Any CPU.Build.0 = Debug|Any CPU
		{9A6585C7-EA8C-4C16-94A6-B79BB10B08C6}.Release|Any CPU.ActiveCfg = Release|Any CPU
		{9A6585C7-EA8C-4C16-94A6-B79BB10B08C6}.Release|Any CPU.Build.0 = Release|Any CPU
		{60C85612-E1ED-4EC6-B4DA-A22146B94572}.Debug|Any CPU.ActiveCfg = Debug|Any CPU
		{60C85612-E1ED-4EC6-B4DA-A22146B94572}.Debug|Any CPU.Build.0 = Debug|Any CPU
		{60C85612-E1ED-4EC6-B4DA-A22146B94572}.Release|Any CPU.ActiveCfg = Release|Any CPU
		{60C85612-E1ED-4EC6-B4DA-A22146B94572}.Release|Any CPU.Build.0 = Release|Any CPU
	EndGlobalSection
	GlobalSection(SolutionProperties) = preSolution
		HideSolutionNode = FALSE
	EndGlobalSection
	GlobalSection(NestedProjects) = preSolution
		{1FF2678B-39B0-4484-8FB7-2EAA1FE1FE34} = {B563D51F-128D-4D9A-A8C7-FBE4245C8793}
		{DAFB5F3C-9AD8-4148-A82B-40B97C18DB26} = {54B41368-6798-4C0F-AAA1-CDEDCB078696}
		{30FBBF69-32D4-4C3F-97D1-7BD132C84C32} = {54B41368-6798-4C0F-AAA1-CDEDCB078696}
		{9AD7E205-7FE8-454B-8450-6B47025B0951} = {66C1B330-66A2-450B-9640-677CE79EF9E9}
		{D226145E-8AEC-4F29-8AC7-F9F55575086D} = {66C1B330-66A2-450B-9640-677CE79EF9E9}
		{F55768F3-183D-4984-B44B-73C85E02CB28} = {E2E7E07A-439F-47C5-8E77-ACFBD7370E31}
		{9808A6DF-7734-4F66-876D-A58335A4DBD0} = {18393ADC-A1DC-488D-9DA9-168BDB976C99}
		{A17B778A-E9E1-4545-8A75-620F5D6C0C59} = {18393ADC-A1DC-488D-9DA9-168BDB976C99}
		{DEA3D512-547E-4716-8EF9-AE6158DF3DCB} = {18393ADC-A1DC-488D-9DA9-168BDB976C99}
		{0337A5B7-16E5-4566-A982-345C010E71D0} = {18393ADC-A1DC-488D-9DA9-168BDB976C99}
		{A49D8B90-F71F-44CB-BEC9-DDD9FEA4416E} = {18393ADC-A1DC-488D-9DA9-168BDB976C99}
		{A487F2E7-B78E-4907-87E1-8FF9076F6512} = {EDD672A3-72A9-49E8-8F83-C3A0B1465C16}
		{1B950134-D7E2-4F0A-A1DB-48484CCE843B} = {9783BA5A-5FAE-4D91-9F4B-1C46185FCDF2}
		{9681717C-4571-4806-9453-0404F42EFDB4} = {D16029F5-71AA-4EB8-A778-264890B8A439}
		{A393A227-DCF2-4F2B-8C7E-0F2A02999ACB} = {D16029F5-71AA-4EB8-A778-264890B8A439}
		{B06113FD-9B21-4B04-A605-0FEA33AD5676} = {D16029F5-71AA-4EB8-A778-264890B8A439}
		{F6BD0D27-5D90-4612-ADAA-0DD796D8B12A} = {8CACC9C4-B17E-4800-BA94-6C8C1E78AADC}
		{8125A8AD-F0A1-4E9D-A147-86BA9AA799BB} = {F6BD0D27-5D90-4612-ADAA-0DD796D8B12A}
		{1A476772-E39A-4082-814B-38D349DECEED} = {F6BD0D27-5D90-4612-ADAA-0DD796D8B12A}
		{7D6D03FA-ED66-4B82-B178-8454B591E2E7} = {8CACC9C4-B17E-4800-BA94-6C8C1E78AADC}
		{C9A1B1C4-1232-41A2-A942-D461205304D6} = {7D6D03FA-ED66-4B82-B178-8454B591E2E7}
		{37CB7FAE-34E1-4F8D-A4DD-621F40074704} = {7D6D03FA-ED66-4B82-B178-8454B591E2E7}
		{1E524477-0FF1-49E4-8E15-80B5445B3788} = {7D6D03FA-ED66-4B82-B178-8454B591E2E7}
		{C326E697-5A2B-4730-9F09-5879DF1FCC99} = {89397300-1E19-4889-8825-3A4AF3CE5730}
		{F0283E2C-3BC3-4BC9-BD6E-157D15E83328} = {89397300-1E19-4889-8825-3A4AF3CE5730}
		{E92C0775-A44A-4CF3-A603-E438F81F13AE} = {B8999A31-9D9D-4159-8D48-1C7399F332EC}
		{2A54F932-4651-4815-81D7-C87BA128C77D} = {4A9BFF73-5EC9-4BFB-B27D-BFE17D4139E0}
		{9A6585C7-EA8C-4C16-94A6-B79BB10B08C6} = {9783BA5A-5FAE-4D91-9F4B-1C46185FCDF2}
		{60C85612-E1ED-4EC6-B4DA-A22146B94572} = {9783BA5A-5FAE-4D91-9F4B-1C46185FCDF2}
	EndGlobalSection
	GlobalSection(ExtensibilityGlobals) = postSolution
		SolutionGuid = {8E4D834B-503D-42BC-8CEA-4A532DF4E21B}
	EndGlobalSection
EndGlobal
