
Microsoft Visual Studio Solution File, Format Version 12.00
# Visual Studio Version 16
VisualStudioVersion = 16.0.28803.202
MinimumVisualStudioVersion = 10.0.40219.1
Project("{9A19103F-16F7-4668-BE54-9A1E7A4F7556}") = "OOPXiaJun.Study.AsyncAwait", "OOPXiaJun.Study.AsyncAwait\OOPXiaJun.Study.AsyncAwait.csproj", "{917BEACB-1BCF-4430-8855-2D19DDAE83DD}"
EndProject
Project("{2150E333-8FDC-42A3-9474-1A3956D46DE8}") = "MyActiveMQ", "MyActiveMQ", "{54B41368-6798-4C0F-AAA1-CDEDCB078696}"
EndProject
Project("{E53339B2-1760-4266-BCC7-CA923CBCF16C}") = "docker-compose", "docker-compose.dcproj", "{A4681EF5-EAD7-4FB5-8476-2737B6CD88D7}"
EndProject
Project("{2150E333-8FDC-42A3-9474-1A3956D46DE8}") = "Docker", "Docker", "{66C1B330-66A2-450B-9640-677CE79EF9E9}"
EndProject
Project("{2150E333-8FDC-42A3-9474-1A3956D46DE8}") = "Doc", "Doc", "{B563D51F-128D-4D9A-A8C7-FBE4245C8793}"
EndProject
Project("{2150E333-8FDC-42A3-9474-1A3956D46DE8}") = "docker 学习", "docker 学习", "{1FF2678B-39B0-4484-8FB7-2EAA1FE1FE34}"
	ProjectSection(SolutionItems) = preProject
		D:\docker-conf\docker 学习\命令.txt = D:\docker-conf\docker 学习\命令.txt
		D:\docker-conf\docker 学习\第一个 docker 应用架构（本地）.txt = D:\docker-conf\docker 学习\第一个 docker 应用架构（本地）.txt
	EndProjectSection
EndProject
Project("{2150E333-8FDC-42A3-9474-1A3956D46DE8}") = "Source", "Source", "{BBA4A8AA-B253-4F0F-B91B-CBC690F5533E}"
EndProject
Project("{9A19103F-16F7-4668-BE54-9A1E7A4F7556}") = "OOPXiaJun.Study.MyActiveMQ.Customer_1", "OOPXiaJun.Study.MyActiveMQ\OOPXiaJun.Study.MyActiveMQ.Customer_1\OOPXiaJun.Study.MyActiveMQ.Customer_1.csproj", "{DAFB5F3C-9AD8-4148-A82B-40B97C18DB26}"
EndProject
Project("{9A19103F-16F7-4668-BE54-9A1E7A4F7556}") = "OOPXiaJun.Study.MyActiveMQ.WebApplication_1", "OOPXiaJun.Study.MyActiveMQ\OOPXiaJun.Study.MyActiveMQ.WebApplication_1\OOPXiaJun.Study.MyActiveMQ.WebApplication_1.csproj", "{30FBBF69-32D4-4C3F-97D1-7BD132C84C32}"
EndProject
Project("{9A19103F-16F7-4668-BE54-9A1E7A4F7556}") = "OOPXiaJun.Study.Indexer", "OOPXiaJun.Study.Indexer\OOPXiaJun.Study.Indexer.csproj", "{054094EA-74D3-4CAC-B406-9CC421B48D1E}"
EndProject
Project("{9A19103F-16F7-4668-BE54-9A1E7A4F7556}") = "OOPXiaJun.Study.Docker_1", "OOPXiaJun.Study.Docker\OOPXiaJun.Study.Docker_1\OOPXiaJun.Study.Docker_1.csproj", "{9AD7E205-7FE8-454B-8450-6B47025B0951}"
EndProject
Project("{9A19103F-16F7-4668-BE54-9A1E7A4F7556}") = "OOPXiaJun.Study.Docker_2", "OOPXiaJun.Study.Docker\OOPXiaJun.Study.Docker_2\OOPXiaJun.Study.Docker_2.csproj", "{D226145E-8AEC-4F29-8AC7-F9F55575086D}"
EndProject
Project("{2150E333-8FDC-42A3-9474-1A3956D46DE8}") = "MyRazor", "MyRazor", "{E2E7E07A-439F-47C5-8E77-ACFBD7370E31}"
EndProject
Project("{9A19103F-16F7-4668-BE54-9A1E7A4F7556}") = "OOPXiaJun.Study.MyRazorWeb", "OOPXiaJun.Study.MyRazorWeb\OOPXiaJun.Study.MyRazorWeb.csproj", "{F55768F3-183D-4984-B44B-73C85E02CB28}"
EndProject
Project("{9A19103F-16F7-4668-BE54-9A1E7A4F7556}") = "OOPXiaJun.Study.MyMongoDB", "OOPXiaJun.Study.MyMongoDB\OOPXiaJun.Study.MyMongoDB.csproj", "{D09988D8-4BE2-4EEB-9F5E-E761C3F5A1DA}"
EndProject
Project("{2150E333-8FDC-42A3-9474-1A3956D46DE8}") = "单一职责（业务-数据库）", "单一职责（业务-数据库）", "{18393ADC-A1DC-488D-9DA9-168BDB976C99}"
EndProject
Project("{9A19103F-16F7-4668-BE54-9A1E7A4F7556}") = "OOP.SingleWeb.Web", "..\OOP.SingleWeb\OOP.SingleWeb\OOP.SingleWeb.Web.csproj", "{7387788A-0F76-4837-8F2B-D536B198D76A}"
EndProject
Project("{9A19103F-16F7-4668-BE54-9A1E7A4F7556}") = "OOP.SingleWeb.Business", "..\OOP.SingleWeb\OOP.SingleWeb.Business\OOP.SingleWeb.Business.csproj", "{1AA3FDC1-9426-4A6B-BF50-A542F24C8723}"
EndProject
Project("{9A19103F-16F7-4668-BE54-9A1E7A4F7556}") = "OOP.SingleWeb.Domain", "..\OOP.SingleWeb\OOP.SingleWeb.Domain\OOP.SingleWeb.Domain.csproj", "{446C9F1E-5B43-4FD3-BF0A-0576288D7900}"
EndProject
Project("{9A19103F-16F7-4668-BE54-9A1E7A4F7556}") = "OOP.SingleWeb.MyConsole", "..\OOP.SingleWeb\OOP.SingleWeb.MyConsole\OOP.SingleWeb.MyConsole.csproj", "{CDD9EB41-1F74-4BB1-8223-E2F432CE9299}"
EndProject
Project("{9A19103F-16F7-4668-BE54-9A1E7A4F7556}") = "OOPXiaJun.LoggerHelper", "..\OOPXiaJun.LoggerHelper\OOPXiaJun.LoggerHelper\OOPXiaJun.LoggerHelper.csproj", "{FE7AC1D6-A059-4877-BD30-3FFBB677E923}"
EndProject
Project("{FAE04EC0-301F-11D3-BF4B-00C04F79EFBC}") = "OOP.SingleWeb.MyTest", "..\OOP.SingleWeb\OOP.SingleWeb.MyTest\OOP.SingleWeb.MyTest.csproj", "{F2AD3A1E-E14E-424E-A694-D4D1E99EA2E2}"
EndProject
Global
	GlobalSection(SolutionConfigurationPlatforms) = preSolution
		Debug|Any CPU = Debug|Any CPU
		Release|Any CPU = Release|Any CPU
	EndGlobalSection
	GlobalSection(ProjectConfigurationPlatforms) = postSolution
		{917BEACB-1BCF-4430-8855-2D19DDAE83DD}.Debug|Any CPU.ActiveCfg = Debug|Any CPU
		{917BEACB-1BCF-4430-8855-2D19DDAE83DD}.Debug|Any CPU.Build.0 = Debug|Any CPU
		{917BEACB-1BCF-4430-8855-2D19DDAE83DD}.Release|Any CPU.ActiveCfg = Release|Any CPU
		{917BEACB-1BCF-4430-8855-2D19DDAE83DD}.Release|Any CPU.Build.0 = Release|Any CPU
		{A4681EF5-EAD7-4FB5-8476-2737B6CD88D7}.Debug|Any CPU.ActiveCfg = Debug|Any CPU
		{A4681EF5-EAD7-4FB5-8476-2737B6CD88D7}.Debug|Any CPU.Build.0 = Debug|Any CPU
		{A4681EF5-EAD7-4FB5-8476-2737B6CD88D7}.Release|Any CPU.ActiveCfg = Release|Any CPU
		{A4681EF5-EAD7-4FB5-8476-2737B6CD88D7}.Release|Any CPU.Build.0 = Release|Any CPU
		{DAFB5F3C-9AD8-4148-A82B-40B97C18DB26}.Debug|Any CPU.ActiveCfg = Debug|Any CPU
		{DAFB5F3C-9AD8-4148-A82B-40B97C18DB26}.Debug|Any CPU.Build.0 = Debug|Any CPU
		{DAFB5F3C-9AD8-4148-A82B-40B97C18DB26}.Release|Any CPU.ActiveCfg = Release|Any CPU
		{DAFB5F3C-9AD8-4148-A82B-40B97C18DB26}.Release|Any CPU.Build.0 = Release|Any CPU
		{30FBBF69-32D4-4C3F-97D1-7BD132C84C32}.Debug|Any CPU.ActiveCfg = Debug|Any CPU
		{30FBBF69-32D4-4C3F-97D1-7BD132C84C32}.Debug|Any CPU.Build.0 = Debug|Any CPU
		{30FBBF69-32D4-4C3F-97D1-7BD132C84C32}.Release|Any CPU.ActiveCfg = Release|Any CPU
		{30FBBF69-32D4-4C3F-97D1-7BD132C84C32}.Release|Any CPU.Build.0 = Release|Any CPU
		{054094EA-74D3-4CAC-B406-9CC421B48D1E}.Debug|Any CPU.ActiveCfg = Debug|Any CPU
		{054094EA-74D3-4CAC-B406-9CC421B48D1E}.Debug|Any CPU.Build.0 = Debug|Any CPU
		{054094EA-74D3-4CAC-B406-9CC421B48D1E}.Release|Any CPU.ActiveCfg = Release|Any CPU
		{054094EA-74D3-4CAC-B406-9CC421B48D1E}.Release|Any CPU.Build.0 = Release|Any CPU
		{9AD7E205-7FE8-454B-8450-6B47025B0951}.Debug|Any CPU.ActiveCfg = Debug|Any CPU
		{9AD7E205-7FE8-454B-8450-6B47025B0951}.Debug|Any CPU.Build.0 = Debug|Any CPU
		{9AD7E205-7FE8-454B-8450-6B47025B0951}.Release|Any CPU.ActiveCfg = Release|Any CPU
		{9AD7E205-7FE8-454B-8450-6B47025B0951}.Release|Any CPU.Build.0 = Release|Any CPU
		{D226145E-8AEC-4F29-8AC7-F9F55575086D}.Debug|Any CPU.ActiveCfg = Debug|Any CPU
		{D226145E-8AEC-4F29-8AC7-F9F55575086D}.Debug|Any CPU.Build.0 = Debug|Any CPU
		{D226145E-8AEC-4F29-8AC7-F9F55575086D}.Release|Any CPU.ActiveCfg = Release|Any CPU
		{D226145E-8AEC-4F29-8AC7-F9F55575086D}.Release|Any CPU.Build.0 = Release|Any CPU
		{F55768F3-183D-4984-B44B-73C85E02CB28}.Debug|Any CPU.ActiveCfg = Debug|Any CPU
		{F55768F3-183D-4984-B44B-73C85E02CB28}.Debug|Any CPU.Build.0 = Debug|Any CPU
		{F55768F3-183D-4984-B44B-73C85E02CB28}.Release|Any CPU.ActiveCfg = Release|Any CPU
		{F55768F3-183D-4984-B44B-73C85E02CB28}.Release|Any CPU.Build.0 = Release|Any CPU
		{D09988D8-4BE2-4EEB-9F5E-E761C3F5A1DA}.Debug|Any CPU.ActiveCfg = Debug|Any CPU
		{D09988D8-4BE2-4EEB-9F5E-E761C3F5A1DA}.Debug|Any CPU.Build.0 = Debug|Any CPU
		{D09988D8-4BE2-4EEB-9F5E-E761C3F5A1DA}.Release|Any CPU.ActiveCfg = Release|Any CPU
		{D09988D8-4BE2-4EEB-9F5E-E761C3F5A1DA}.Release|Any CPU.Build.0 = Release|Any CPU
		{7387788A-0F76-4837-8F2B-D536B198D76A}.Debug|Any CPU.ActiveCfg = Debug|Any CPU
		{7387788A-0F76-4837-8F2B-D536B198D76A}.Debug|Any CPU.Build.0 = Debug|Any CPU
		{7387788A-0F76-4837-8F2B-D536B198D76A}.Release|Any CPU.ActiveCfg = Release|Any CPU
		{7387788A-0F76-4837-8F2B-D536B198D76A}.Release|Any CPU.Build.0 = Release|Any CPU
		{1AA3FDC1-9426-4A6B-BF50-A542F24C8723}.Debug|Any CPU.ActiveCfg = Debug|Any CPU
		{1AA3FDC1-9426-4A6B-BF50-A542F24C8723}.Debug|Any CPU.Build.0 = Debug|Any CPU
		{1AA3FDC1-9426-4A6B-BF50-A542F24C8723}.Release|Any CPU.ActiveCfg = Release|Any CPU
		{1AA3FDC1-9426-4A6B-BF50-A542F24C8723}.Release|Any CPU.Build.0 = Release|Any CPU
		{446C9F1E-5B43-4FD3-BF0A-0576288D7900}.Debug|Any CPU.ActiveCfg = Debug|Any CPU
		{446C9F1E-5B43-4FD3-BF0A-0576288D7900}.Debug|Any CPU.Build.0 = Debug|Any CPU
		{446C9F1E-5B43-4FD3-BF0A-0576288D7900}.Release|Any CPU.ActiveCfg = Release|Any CPU
		{446C9F1E-5B43-4FD3-BF0A-0576288D7900}.Release|Any CPU.Build.0 = Release|Any CPU
		{CDD9EB41-1F74-4BB1-8223-E2F432CE9299}.Debug|Any CPU.ActiveCfg = Debug|Any CPU
		{CDD9EB41-1F74-4BB1-8223-E2F432CE9299}.Debug|Any CPU.Build.0 = Debug|Any CPU
		{CDD9EB41-1F74-4BB1-8223-E2F432CE9299}.Release|Any CPU.ActiveCfg = Release|Any CPU
		{CDD9EB41-1F74-4BB1-8223-E2F432CE9299}.Release|Any CPU.Build.0 = Release|Any CPU
		{FE7AC1D6-A059-4877-BD30-3FFBB677E923}.Debug|Any CPU.ActiveCfg = Debug|Any CPU
		{FE7AC1D6-A059-4877-BD30-3FFBB677E923}.Debug|Any CPU.Build.0 = Debug|Any CPU
		{FE7AC1D6-A059-4877-BD30-3FFBB677E923}.Release|Any CPU.ActiveCfg = Release|Any CPU
		{FE7AC1D6-A059-4877-BD30-3FFBB677E923}.Release|Any CPU.Build.0 = Release|Any CPU
		{F2AD3A1E-E14E-424E-A694-D4D1E99EA2E2}.Debug|Any CPU.ActiveCfg = Debug|Any CPU
		{F2AD3A1E-E14E-424E-A694-D4D1E99EA2E2}.Debug|Any CPU.Build.0 = Debug|Any CPU
		{F2AD3A1E-E14E-424E-A694-D4D1E99EA2E2}.Release|Any CPU.ActiveCfg = Release|Any CPU
		{F2AD3A1E-E14E-424E-A694-D4D1E99EA2E2}.Release|Any CPU.Build.0 = Release|Any CPU
	EndGlobalSection
	GlobalSection(SolutionProperties) = preSolution
		HideSolutionNode = FALSE
	EndGlobalSection
	GlobalSection(NestedProjects) = preSolution
		{1FF2678B-39B0-4484-8FB7-2EAA1FE1FE34} = {B563D51F-128D-4D9A-A8C7-FBE4245C8793}
		{DAFB5F3C-9AD8-4148-A82B-40B97C18DB26} = {54B41368-6798-4C0F-AAA1-CDEDCB078696}
		{30FBBF69-32D4-4C3F-97D1-7BD132C84C32} = {54B41368-6798-4C0F-AAA1-CDEDCB078696}
		{9AD7E205-7FE8-454B-8450-6B47025B0951} = {66C1B330-66A2-450B-9640-677CE79EF9E9}
		{D226145E-8AEC-4F29-8AC7-F9F55575086D} = {66C1B330-66A2-450B-9640-677CE79EF9E9}
		{F55768F3-183D-4984-B44B-73C85E02CB28} = {E2E7E07A-439F-47C5-8E77-ACFBD7370E31}
		{7387788A-0F76-4837-8F2B-D536B198D76A} = {18393ADC-A1DC-488D-9DA9-168BDB976C99}
		{1AA3FDC1-9426-4A6B-BF50-A542F24C8723} = {18393ADC-A1DC-488D-9DA9-168BDB976C99}
		{446C9F1E-5B43-4FD3-BF0A-0576288D7900} = {18393ADC-A1DC-488D-9DA9-168BDB976C99}
		{CDD9EB41-1F74-4BB1-8223-E2F432CE9299} = {18393ADC-A1DC-488D-9DA9-168BDB976C99}
		{F2AD3A1E-E14E-424E-A694-D4D1E99EA2E2} = {18393ADC-A1DC-488D-9DA9-168BDB976C99}
	EndGlobalSection
	GlobalSection(ExtensibilityGlobals) = postSolution
		SolutionGuid = {8E4D834B-503D-42BC-8CEA-4A532DF4E21B}
	EndGlobalSection
EndGlobal
