
Microsoft Visual Studio Solution File, Format Version 12.00
# Visual Studio 15
VisualStudioVersion = 15.0.27703.2042
MinimumVisualStudioVersion = 10.0.40219.1
Project("{9A19103F-16F7-4668-BE54-9A1E7A4F7556}") = "OOPXiaJun.Study.AsyncAwait", "OOPXiaJun.Study.AsyncAwait\OOPXiaJun.Study.AsyncAwait.csproj", "{917BEACB-1BCF-4430-8855-2D19DDAE83DD}"
EndProject
Project("{2150E333-8FDC-42A3-9474-1A3956D46DE8}") = "MyActiveMQ", "MyActiveMQ", "{54B41368-6798-4C0F-AAA1-CDEDCB078696}"
EndProject
Project("{E53339B2-1760-4266-BCC7-CA923CBCF16C}") = "docker-compose", "docker-compose.dcproj", "{A4681EF5-EAD7-4FB5-8476-2737B6CD88D7}"
EndProject
Project("{2150E333-8FDC-42A3-9474-1A3956D46DE8}") = "Docker", "Docker", "{66C1B330-66A2-450B-9640-677CE79EF9E9}"
EndProject
Project("{9A19103F-16F7-4668-BE54-9A1E7A4F7556}") = "OOPXiaJun.Study.Docker_2", "OOPXiaJun.Study.Docker_2\OOPXiaJun.Study.Docker_2.csproj", "{05358B17-5D39-4F9A-9473-CDD0B5F36EE4}"
EndProject
Project("{2150E333-8FDC-42A3-9474-1A3956D46DE8}") = "Doc", "Doc", "{B563D51F-128D-4D9A-A8C7-FBE4245C8793}"
EndProject
Project("{2150E333-8FDC-42A3-9474-1A3956D46DE8}") = "docker 学习", "docker 学习", "{1FF2678B-39B0-4484-8FB7-2EAA1FE1FE34}"
	ProjectSection(SolutionItems) = preProject
		E:\docker 学习\命令.txt = E:\docker 学习\命令.txt
		E:\docker 学习\第一个 docker 应用架构（本地）.txt = E:\docker 学习\第一个 docker 应用架构（本地）.txt
	EndProjectSection
EndProject
Project("{2150E333-8FDC-42A3-9474-1A3956D46DE8}") = "Source", "Source", "{BBA4A8AA-B253-4F0F-B91B-CBC690F5533E}"
EndProject
Project("{9A19103F-16F7-4668-BE54-9A1E7A4F7556}") = "OOPXiaJun.Study.MyActiveMQ.Customer_1", "OOPXiaJun.Study.MyActiveMQ\OOPXiaJun.Study.MyActiveMQ.Customer_1\OOPXiaJun.Study.MyActiveMQ.Customer_1.csproj", "{DAFB5F3C-9AD8-4148-A82B-40B97C18DB26}"
EndProject
Project("{9A19103F-16F7-4668-BE54-9A1E7A4F7556}") = "OOPXiaJun.Study.MyActiveMQ.WebApplication_1", "OOPXiaJun.Study.MyActiveMQ\OOPXiaJun.Study.MyActiveMQ.WebApplication_1\OOPXiaJun.Study.MyActiveMQ.WebApplication_1.csproj", "{30FBBF69-32D4-4C3F-97D1-7BD132C84C32}"
EndProject
Project("{9A19103F-16F7-4668-BE54-9A1E7A4F7556}") = "OOPXiaJun.Study.Indexer", "OOPXiaJun.Study.Indexer\OOPXiaJun.Study.Indexer.csproj", "{054094EA-74D3-4CAC-B406-9CC421B48D1E}"
EndProject
Project("{9A19103F-16F7-4668-BE54-9A1E7A4F7556}") = "OOPXiaJun.Study.Docker_1", "OOPXiaJun.Study.Docker\OOPXiaJun.Study.Docker_1\OOPXiaJun.Study.Docker_1.csproj", "{9AD7E205-7FE8-454B-8450-6B47025B0951}"
EndProject
Global
	GlobalSection(SolutionConfigurationPlatforms) = preSolution
		Debug|Any CPU = Debug|Any CPU
		Release|Any CPU = Release|Any CPU
	EndGlobalSection
	GlobalSection(ProjectConfigurationPlatforms) = postSolution
		{917BEACB-1BCF-4430-8855-2D19DDAE83DD}.Debug|Any CPU.ActiveCfg = Debug|Any CPU
		{917BEACB-1BCF-4430-8855-2D19DDAE83DD}.Debug|Any CPU.Build.0 = Debug|Any CPU
		{917BEACB-1BCF-4430-8855-2D19DDAE83DD}.Release|Any CPU.ActiveCfg = Release|Any CPU
		{917BEACB-1BCF-4430-8855-2D19DDAE83DD}.Release|Any CPU.Build.0 = Release|Any CPU
		{A4681EF5-EAD7-4FB5-8476-2737B6CD88D7}.Debug|Any CPU.ActiveCfg = Debug|Any CPU
		{A4681EF5-EAD7-4FB5-8476-2737B6CD88D7}.Debug|Any CPU.Build.0 = Debug|Any CPU
		{A4681EF5-EAD7-4FB5-8476-2737B6CD88D7}.Release|Any CPU.ActiveCfg = Release|Any CPU
		{A4681EF5-EAD7-4FB5-8476-2737B6CD88D7}.Release|Any CPU.Build.0 = Release|Any CPU
		{05358B17-5D39-4F9A-9473-CDD0B5F36EE4}.Debug|Any CPU.ActiveCfg = Debug|Any CPU
		{05358B17-5D39-4F9A-9473-CDD0B5F36EE4}.Debug|Any CPU.Build.0 = Debug|Any CPU
		{05358B17-5D39-4F9A-9473-CDD0B5F36EE4}.Release|Any CPU.ActiveCfg = Release|Any CPU
		{05358B17-5D39-4F9A-9473-CDD0B5F36EE4}.Release|Any CPU.Build.0 = Release|Any CPU
		{DAFB5F3C-9AD8-4148-A82B-40B97C18DB26}.Debug|Any CPU.ActiveCfg = Debug|Any CPU
		{DAFB5F3C-9AD8-4148-A82B-40B97C18DB26}.Debug|Any CPU.Build.0 = Debug|Any CPU
		{DAFB5F3C-9AD8-4148-A82B-40B97C18DB26}.Release|Any CPU.ActiveCfg = Release|Any CPU
		{DAFB5F3C-9AD8-4148-A82B-40B97C18DB26}.Release|Any CPU.Build.0 = Release|Any CPU
		{30FBBF69-32D4-4C3F-97D1-7BD132C84C32}.Debug|Any CPU.ActiveCfg = Debug|Any CPU
		{30FBBF69-32D4-4C3F-97D1-7BD132C84C32}.Debug|Any CPU.Build.0 = Debug|Any CPU
		{30FBBF69-32D4-4C3F-97D1-7BD132C84C32}.Release|Any CPU.ActiveCfg = Release|Any CPU
		{30FBBF69-32D4-4C3F-97D1-7BD132C84C32}.Release|Any CPU.Build.0 = Release|Any CPU
		{054094EA-74D3-4CAC-B406-9CC421B48D1E}.Debug|Any CPU.ActiveCfg = Debug|Any CPU
		{054094EA-74D3-4CAC-B406-9CC421B48D1E}.Debug|Any CPU.Build.0 = Debug|Any CPU
		{054094EA-74D3-4CAC-B406-9CC421B48D1E}.Release|Any CPU.ActiveCfg = Release|Any CPU
		{054094EA-74D3-4CAC-B406-9CC421B48D1E}.Release|Any CPU.Build.0 = Release|Any CPU
		{9AD7E205-7FE8-454B-8450-6B47025B0951}.Debug|Any CPU.ActiveCfg = Debug|Any CPU
		{9AD7E205-7FE8-454B-8450-6B47025B0951}.Debug|Any CPU.Build.0 = Debug|Any CPU
		{9AD7E205-7FE8-454B-8450-6B47025B0951}.Release|Any CPU.ActiveCfg = Release|Any CPU
		{9AD7E205-7FE8-454B-8450-6B47025B0951}.Release|Any CPU.Build.0 = Release|Any CPU
	EndGlobalSection
	GlobalSection(SolutionProperties) = preSolution
		HideSolutionNode = FALSE
	EndGlobalSection
	GlobalSection(NestedProjects) = preSolution
		{05358B17-5D39-4F9A-9473-CDD0B5F36EE4} = {66C1B330-66A2-450B-9640-677CE79EF9E9}
		{1FF2678B-39B0-4484-8FB7-2EAA1FE1FE34} = {B563D51F-128D-4D9A-A8C7-FBE4245C8793}
		{DAFB5F3C-9AD8-4148-A82B-40B97C18DB26} = {54B41368-6798-4C0F-AAA1-CDEDCB078696}
		{30FBBF69-32D4-4C3F-97D1-7BD132C84C32} = {54B41368-6798-4C0F-AAA1-CDEDCB078696}
		{9AD7E205-7FE8-454B-8450-6B47025B0951} = {66C1B330-66A2-450B-9640-677CE79EF9E9}
	EndGlobalSection
	GlobalSection(ExtensibilityGlobals) = postSolution
		SolutionGuid = {8E4D834B-503D-42BC-8CEA-4A532DF4E21B}
	EndGlobalSection
EndGlobal
