
Microsoft Visual Studio Solution File, Format Version 12.00
# Visual Studio Version 16
VisualStudioVersion = 16.0.29025.244
MinimumVisualStudioVersion = 10.0.40219.1
Project("{9A19103F-16F7-4668-BE54-9A1E7A4F7556}") = "OOPXiaJun.Study.Admin_Test1", "OOPXiaJun.Study.Admin_Test1.csproj", "{82121804-E855-4A87-84D1-8C821F4B1BED}"
EndProject
Global
	GlobalSection(SolutionConfigurationPlatforms) = preSolution
		Debug|Any CPU = Debug|Any CPU
		Release|Any CPU = Release|Any CPU
	EndGlobalSection
	GlobalSection(ProjectConfigurationPlatforms) = postSolution
		{82121804-E855-4A87-84D1-8C821F4B1BED}.Debug|Any CPU.ActiveCfg = Debug|Any CPU
		{82121804-E855-4A87-84D1-8C821F4B1BED}.Debug|Any CPU.Build.0 = Debug|Any CPU
		{82121804-E855-4A87-84D1-8C821F4B1BED}.Release|Any CPU.ActiveCfg = Release|Any CPU
		{82121804-E855-4A87-84D1-8C821F4B1BED}.Release|Any CPU.Build.0 = Release|Any CPU
	EndGlobalSection
	GlobalSection(SolutionProperties) = preSolution
		HideSolutionNode = FALSE
	EndGlobalSection
	GlobalSection(ExtensibilityGlobals) = postSolution
		SolutionGuid = {05C1EF62-5A94-40A5-90A2-98C1FB1D1C04}
	EndGlobalSection
EndGlobal
